Microsoft Visual Studio Solution File, Format Version 11.00
# Visual Studio 2008

Project("{6F97B861-29B5-2996-4B57-56B26C5C4AAD}") = "InstanciarUIs", "Assembly-CSharp.csproj", "{B28A7FF1-E8C6-605A-E446-2B0873DAFFAF}"
EndProject
Global
	GlobalSection(SolutionConfigurationPlatforms) = preSolution
		Debug|Any CPU = Debug|Any CPU
		Release|Any CPU = Release|Any CPU
	EndGlobalSection
	GlobalSection(ProjectConfigurationPlatforms) = postSolution
		{B28A7FF1-E8C6-605A-E446-2B0873DAFFAF}.Debug|Any CPU.ActiveCfg = Debug|Any CPU
		{B28A7FF1-E8C6-605A-E446-2B0873DAFFAF}.Debug|Any CPU.Build.0 = Debug|Any CPU
		{B28A7FF1-E8C6-605A-E446-2B0873DAFFAF}.Release|Any CPU.ActiveCfg = Release|Any CPU
		{B28A7FF1-E8C6-605A-E446-2B0873DAFFAF}.Release|Any CPU.Build.0 = Release|Any CPU
	EndGlobalSection
	GlobalSection(SolutionProperties) = preSolution
		HideSolutionNode = FALSE
	EndGlobalSection
					GlobalSection(MonoDevelopProperties) = preSolution
		StartupItem = Assembly-CSharp.csproj
		Policies = $0
		$0.TextStylePolicy = $1
		$1.inheritsSet = null
		$1.scope = text/x-csharp
		$0.CSharpFormattingPolicy = $2
		$2.inheritsSet = Mono
		$2.inheritsScope = text/x-csharp
		$2.scope = text/x-csharp
		$0.TextStylePolicy = $3
		$3.FileWidth = 120
		$3.TabWidth = 4
		$3.IndentWidth = 4
		$3.EolMarker = Unix
		$3.inheritsSet = Mono
		$3.inheritsScope = text/plain
		$3.scope = text/plain
	EndGlobalSection
EndGlobal
